{
  "version": 4,
  "terraform_version": "1.1.9",
  "serial": 1,
  "lineage": "0d6d8cd3-0319-9834-8d20-f560fde2d616",
  "outputs": {},
  "resources": [
    {
      "mode": "managed",
      "type": "aws_vpc",
      "name": "main",
      "provider": "provider[\"registry.terraform.io/hashicorp/aws\"]",
      "instances": [
        {
          "schema_version": 1,
          "attributes": {
            "arn": "arn:aws:ec2:ap-northeast-1:865325501020:vpc/vpc-06e802f2c4013a56a",
            "assign_generated_ipv6_cidr_block": false,
            "cidr_block": "10.0.0.0/16",
            "default_network_acl_id": "acl-0b94c510ebacbc44b",
            "default_route_table_id": "rtb-0d3f2567189c240f0",
            "default_security_group_id": "sg-09f2118a1fba5f615",
            "dhcp_options_id": "dopt-02ac541153c984271",
            "enable_classiclink": false,
            "enable_classiclink_dns_support": false,
            "enable_dns_hostnames": false,
            "enable_dns_support": true,
            "id": "vpc-06e802f2c4013a56a",
            "instance_tenancy": "default",
            "ipv4_ipam_pool_id": null,
            "ipv4_netmask_length": null,
            "ipv6_association_id": "",
            "ipv6_cidr_block": "",
            "ipv6_cidr_block_network_border_group": "",
            "ipv6_ipam_pool_id": "",
            "ipv6_netmask_length": 0,
            "main_route_table_id": "rtb-0d3f2567189c240f0",
            "owner_id": "865325501020",
            "tags": {
              "Name": "sample_vpc"
            },
            "tags_all": {
              "Name": "sample_vpc"
            }
          },
          "sensitive_attributes": [],
          "private": "eyJzY2hlbWFfdmVyc2lvbiI6IjEifQ=="
        }
      ]
    }
  ]
}
